// !$*UTF8*$!
{
	archiveVersion = 1;
	classes = {
	};
	objectVersion = 46;
	objects = {

/* Begin PBXBuildFile section */
		69F58E091B5FBBF400DE183A /* AppDelegate.swift in Sources */ = {isa = PBXBuildFile; fileRef = 69F58E081B5FBBF400DE183A /* AppDelegate.swift */; };
		69F58E0B1B5FBBF400DE183A /* MasterViewController.swift in Sources */ = {isa = PBXBuildFile; fileRef = 69F58E0A1B5FBBF400DE183A /* MasterViewController.swift */; };
		69F58E0D1B5FBBF400DE183A /* DetailViewController.swift in Sources */ = {isa = PBXBuildFile; fileRef = 69F58E0C1B5FBBF400DE183A /* DetailViewController.swift */; };
		69F58E101B5FBBF400DE183A /* Main.storyboard in Resources */ = {isa = PBXBuildFile; fileRef = 69F58E0E1B5FBBF400DE183A /* Main.storyboard */; };
		69F58E121B5FBBF400DE183A /* Images.xcassets in Resources */ = {isa = PBXBuildFile; fileRef = 69F58E111B5FBBF400DE183A /* Images.xcassets */; };
		69F58E151B5FBBF400DE183A /* LaunchScreen.xib in Resources */ = {isa = PBXBuildFile; fileRef = 69F58E131B5FBBF400DE183A /* LaunchScreen.xib */; };
		69F58E211B5FBBF400DE183A /* STD0020Tests.swift in Sources */ = {isa = PBXBuildFile; fileRef = 69F58E201B5FBBF400DE183A /* STD0020Tests.swift */; };
/* End PBXBuildFile section */

/* Begin PBXContainerItemProxy section */
		69F58E1B1B5FBBF400DE183A /* PBXContainerItemProxy */ = {
			isa = PBXContainerItemProxy;
			containerPortal = 69F58DFB1B5FBBF400DE183A /* Project object */;
			proxyType = 1;
			remoteGlobalIDString = 69F58E021B5FBBF400DE183A;
			remoteInfo = STD0020;
		};
/* End PBXContainerItemProxy section */

/* Begin PBXFileReference section */
		69F58E031B5FBBF400DE183A /* STD0020.app */ = {isa = PBXFileReference; explicitFileType = wrapper.application; includeInIndex = 0; path = STD0020.app; sourceTree = BUILT_PRODUCTS_DIR; };
		69F58E071B5FBBF400DE183A /* Info.plist */ = {isa = PBXFileReference; lastKnownFileType = text.plist.xml; path = Info.plist; sourceTree = "<group>"; };
		69F58E081B5FBBF400DE183A /* AppDelegate.swift */ = {isa = PBXFileReference; lastKnownFileType = sourcecode.swift; path = AppDelegate.swift; sourceTree = "<group>"; };
		69F58E0A1B5FBBF400DE183A /* MasterViewController.swift */ = {isa = PBXFileReference; lastKnownFileType = sourcecode.swift; path = MasterViewController.swift; sourceTree = "<group>"; };
		69F58E0C1B5FBBF400DE183A /* DetailViewController.swift */ = {isa = PBXFileReference; lastKnownFileType = sourcecode.swift; path = DetailViewController.swift; sourceTree = "<group>"; };
		69F58E0F1B5FBBF400DE183A /* Base */ = {isa = PBXFileReference; lastKnownFileType = file.storyboard; name = Base; path = Base.lproj/Main.storyboard; sourceTree = "<group>"; };
		69F58E111B5FBBF400DE183A /* Images.xcassets */ = {isa = PBXFileReference; lastKnownFileType = folder.assetcatalog; path = Images.xcassets; sourceTree = "<group>"; };
		69F58E141B5FBBF400DE183A /* Base */ = {isa = PBXFileReference; lastKnownFileType = file.xib; name = Base; path = Base.lproj/LaunchScreen.xib; sourceTree = "<group>"; };
		69F58E1A1B5FBBF400DE183A /* STD0020Tests.xctest */ = {isa = PBXFileReference; explicitFileType = wrapper.cfbundle; includeInIndex = 0; path = STD0020Tests.xctest; sourceTree = BUILT_PRODUCTS_DIR; };
		69F58E1F1B5FBBF400DE183A /* Info.plist */ = {isa = PBXFileReference; lastKnownFileType = text.plist.xml; path = Info.plist; sourceTree = "<group>"; };
		69F58E201B5FBBF400DE183A /* STD0020Tests.swift */ = {isa = PBXFileReference; lastKnownFileType = sourcecode.swift; path = STD0020Tests.swift; sourceTree = "<group>"; };
/* End PBXFileReference section */

/* Begin PBXFrameworksBuildPhase section */
		69F58E001B5FBBF400DE183A /* Frameworks */ = {
			isa = PBXFrameworksBuildPhase;
			buildActionMask = 2147483647;
			files = (
			);
			runOnlyForDeploymentPostprocessing = 0;
		};
		69F58E171B5FBBF400DE183A /* Frameworks */ = {
			isa = PBXFrameworksBuildPhase;
			buildActionMask = 2147483647;
			files = (
			);
			runOnlyForDeploymentPostprocessing = 0;
		};
/* End PBXFrameworksBuildPhase section */

/* Begin PBXGroup section */
		69F58DFA1B5FBBF400DE183A = {
			isa = PBXGroup;
			children = (
				69F58E051B5FBBF400DE183A /* STD0020 */,
				69F58E1D1B5FBBF400DE183A /* STD0020Tests */,
				69F58E041B5FBBF400DE183A /* Products */,
			);
			sourceTree = "<group>";
		};
		69F58E041B5FBBF400DE183A /* Products */ = {
			isa = PBXGroup;
			children = (
				69F58E031B5FBBF400DE183A /* STD0020.app */,
				69F58E1A1B5FBBF400DE183A /* STD0020Tests.xctest */,
			);
			name = Products;
			sourceTree = "<group>";
		};
		69F58E051B5FBBF400DE183A /* STD0020 */ = {
			isa = PBXGroup;
			children = (
				69F58E081B5FBBF400DE183A /* AppDelegate.swift */,
				69F58E0A1B5FBBF400DE183A /* MasterViewController.swift */,
				69F58E0C1B5FBBF400DE183A /* DetailViewController.swift */,
				69F58E0E1B5FBBF400DE183A /* Main.storyboard */,
				69F58E111B5FBBF400DE183A /* Images.xcassets */,
				69F58E131B5FBBF400DE183A /* LaunchScreen.xib */,
				69F58E061B5FBBF400DE183A /* Supporting Files */,
			);
			path = STD0020;
			sourceTree = "<group>";
		};
		69F58E061B5FBBF400DE183A /* Supporting Files */ = {
			isa = PBXGroup;
			children = (
				69F58E071B5FBBF400DE183A /* Info.plist */,
			);
			name = "Supporting Files";
			sourceTree = "<group>";
		};
		69F58E1D1B5FBBF400DE183A /* STD0020Tests */ = {
			isa = PBXGroup;
			children = (
				69F58E201B5FBBF400DE183A /* STD0020Tests.swift */,
				69F58E1E1B5FBBF400DE183A /* Supporting Files */,
			);
			path = STD0020Tests;
			sourceTree = "<group>";
		};
		69F58E1E1B5FBBF400DE183A /* Supporting Files */ = {
			isa = PBXGroup;
			children = (
				69F58E1F1B5FBBF400DE183A /* Info.plist */,
			);
			name = "Supporting Files";
			sourceTree = "<group>";
		};
/* End PBXGroup section */

/* Begin PBXNativeTarget section */
		69F58E021B5FBBF400DE183A /* STD0020 */ = {
			isa = PBXNativeTarget;
			buildConfigurationList = 69F58E241B5FBBF400DE183A /* Build configuration list for PBXNativeTarget "STD0020" */;
			buildPhases = (
				69F58DFF1B5FBBF400DE183A /* Sources */,
				69F58E001B5FBBF400DE183A /* Frameworks */,
				69F58E011B5FBBF400DE183A /* Resources */,
			);
			buildRules = (
			);
			dependencies = (
			);
			name = STD0020;
			productName = STD0020;
			productReference = 69F58E031B5FBBF400DE183A /* STD0020.app */;
			productType = "com.apple.product-type.application";
		};
		69F58E191B5FBBF400DE183A /* STD0020Tests */ = {
			isa = PBXNativeTarget;
			buildConfigurationList = 69F58E271B5FBBF400DE183A /* Build configuration list for PBXNativeTarget "STD0020Tests" */;
			buildPhases = (
				69F58E161B5FBBF400DE183A /* Sources */,
				69F58E171B5FBBF400DE183A /* Frameworks */,
				69F58E181B5FBBF400DE183A /* Resources */,
			);
			buildRules = (
			);
			dependencies = (
				69F58E1C1B5FBBF400DE183A /* PBXTargetDependency */,
			);
			name = STD0020Tests;
			productName = STD0020Tests;
			productReference = 69F58E1A1B5FBBF400DE183A /* STD0020Tests.xctest */;
			productType = "com.apple.product-type.bundle.unit-test";
		};
/* End PBXNativeTarget section */

/* Begin PBXProject section */
		69F58DFB1B5FBBF400DE183A /* Project object */ = {
			isa = PBXProject;
			attributes = {
				LastUpgradeCheck = 0640;
				ORGANIZATIONNAME = James;
				TargetAttributes = {
					69F58E021B5FBBF400DE183A = {
						CreatedOnToolsVersion = 6.4;
					};
					69F58E191B5FBBF400DE183A = {
						CreatedOnToolsVersion = 6.4;
						TestTargetID = 69F58E021B5FBBF400DE183A;
					};
				};
			};
			buildConfigurationList = 69F58DFE1B5FBBF400DE183A /* Build configuration list for PBXProject "STD0020" */;
			compatibilityVersion = "Xcode 3.2";
			developmentRegion = English;
			hasScannedForEncodings = 0;
			knownRegions = (
				en,
				Base,
			);
			mainGroup = 69F58DFA1B5FBBF400DE183A;
			productRefGroup = 69F58E041B5FBBF400DE183A /* Products */;
			projectDirPath = "";
			projectRoot = "";
			targets = (
				69F58E021B5FBBF400DE183A /* STD0020 */,
				69F58E191B5FBBF400DE183A /* STD0020Tests */,
			);
		};
/* End PBXProject section */

/* Begin PBXResourcesBuildPhase section */
		69F58E011B5FBBF400DE183A /* Resources */ = {
			isa = PBXResourcesBuildPhase;
			buildActionMask = 2147483647;
			files = (
				69F58E101B5FBBF400DE183A /* Main.storyboard in Resources */,
				69F58E151B5FBBF400DE183A /* LaunchScreen.xib in Resources */,
				69F58E121B5FBBF400DE183A /* Images.xcassets in Resources */,
			);
			runOnlyForDeploymentPostprocessing = 0;
		};
		69F58E181B5FBBF400DE183A /* Resources */ = {
			isa = PBXResourcesBuildPhase;
			buildActionMask = 2147483647;
			files = (
			);
			runOnlyForDeploymentPostprocessing = 0;
		};
/* End PBXResourcesBuildPhase section */

/* Begin PBXSourcesBuildPhase section */
		69F58DFF1B5FBBF400DE183A /* Sources */ = {
			isa = PBXSourcesBuildPhase;
			buildActionMask = 2147483647;
			files = (
				69F58E0D1B5FBBF400DE183A /* DetailViewController.swift in Sources */,
				69F58E0B1B5FBBF400DE183A /* MasterViewController.swift in Sources */,
				69F58E091B5FBBF400DE183A /* AppDelegate.swift in Sources */,
			);
			runOnlyForDeploymentPostprocessing = 0;
		};
		69F58E161B5FBBF400DE183A /* Sources */ = {
			isa = PBXSourcesBuildPhase;
			buildActionMask = 2147483647;
			files = (
				69F58E211B5FBBF400DE183A /* STD0020Tests.swift in Sources */,
			);
			runOnlyForDeploymentPostprocessing = 0;
		};
/* End PBXSourcesBuildPhase section */

/* Begin PBXTargetDependency section */
		69F58E1C1B5FBBF400DE183A /* PBXTargetDependency */ = {
			isa = PBXTargetDependency;
			target = 69F58E021B5FBBF400DE183A /* STD0020 */;
			targetProxy = 69F58E1B1B5FBBF400DE183A /* PBXContainerItemProxy */;
		};
/* End PBXTargetDependency section */

/* Begin PBXVariantGroup section */
		69F58E0E1B5FBBF400DE183A /* Main.storyboard */ = {
			isa = PBXVariantGroup;
			children = (
				69F58E0F1B5FBBF400DE183A /* Base */,
			);
			name = Main.storyboard;
			sourceTree = "<group>";
		};
		69F58E131B5FBBF400DE183A /* LaunchScreen.xib */ = {
			isa = PBXVariantGroup;
			children = (
				69F58E141B5FBBF400DE183A /* Base */,
			);
			name = LaunchScreen.xib;
			sourceTree = "<group>";
		};
/* End PBXVariantGroup section */

/* Begin XCBuildConfiguration section */
		69F58E221B5FBBF400DE183A /* Debug */ = {
			isa = XCBuildConfiguration;
			buildSettings = {
				ALWAYS_SEARCH_USER_PATHS = NO;
				CLANG_CXX_LANGUAGE_STANDARD = "gnu++0x";
				CLANG_CXX_LIBRARY = "libc++";
				CLANG_ENABLE_MODULES = YES;
				CLANG_ENABLE_OBJC_ARC = YES;
				CLANG_WARN_BOOL_CONVERSION = YES;
				CLANG_WARN_CONSTANT_CONVERSION = YES;
				CLANG_WARN_DIRECT_OBJC_ISA_USAGE = YES_ERROR;
				CLANG_WARN_EMPTY_BODY = YES;
				CLANG_WARN_ENUM_CONVERSION = YES;
				CLANG_WARN_INT_CONVERSION = YES;
				CLANG_WARN_OBJC_ROOT_CLASS = YES_ERROR;
				CLANG_WARN_UNREACHABLE_CODE = YES;
				CLANG_WARN__DUPLICATE_METHOD_MATCH = YES;
				"CODE_SIGN_IDENTITY[sdk=iphoneos*]" = "iPhone Developer";
				COPY_PHASE_STRIP = NO;
				DEBUG_INFORMATION_FORMAT = "dwarf-with-dsym";
				ENABLE_STRICT_OBJC_MSGSEND = YES;
				GCC_C_LANGUAGE_STANDARD = gnu99;
				GCC_DYNAMIC_NO_PIC = NO;
				GCC_NO_COMMON_BLOCKS = YES;
				GCC_OPTIMIZATION_LEVEL = 0;
				GCC_PREPROCESSOR_DEFINITIONS = (
					"DEBUG=1",
					"$(inherited)",
				);
				GCC_SYMBOLS_PRIVATE_EXTERN = NO;
				GCC_WARN_64_TO_32_BIT_CONVERSION = YES;
				GCC_WARN_ABOUT_RETURN_TYPE = YES_ERROR;
				GCC_WARN_UNDECLARED_SELECTOR = YES;
				GCC_WARN_UNINITIALIZED_AUTOS = YES_AGGRESSIVE;
				GCC_WARN_UNUSED_FUNCTION = YES;
				GCC_WARN_UNUSED_VARIABLE = YES;
				IPHONEOS_DEPLOYMENT_TARGET = 8.4;
				MTL_ENABLE_DEBUG_INFO = YES;
				ONLY_ACTIVE_ARCH = YES;
				SDKROOT = iphoneos;
				SWIFT_OPTIMIZATION_LEVEL = "-Onone";
			};
			name = Debug;
		};
		69F58E231B5FBBF400DE183A /* Release */ = {
			isa = XCBuildConfiguration;
			buildSettings = {
				ALWAYS_SEARCH_USER_PATHS = NO;
				CLANG_CXX_LANGUAGE_STANDARD = "gnu++0x";
				CLANG_CXX_LIBRARY = "libc++";
				CLANG_ENABLE_MODULES = YES;
				CLANG_ENABLE_OBJC_ARC = YES;
				CLANG_WARN_BOOL_CONVERSION = YES;
				CLANG_WARN_CONSTANT_CONVERSION = YES;
				CLANG_WARN_DIRECT_OBJC_ISA_USAGE = YES_ERROR;
				CLANG_WARN_EMPTY_BODY = YES;
				CLANG_WARN_ENUM_CONVERSION = YES;
				CLANG_WARN_INT_CONVERSION = YES;
				CLANG_WARN_OBJC_ROOT_CLASS = YES_ERROR;
				CLANG_WARN_UNREACHABLE_CODE = YES;
				CLANG_WARN__DUPLICATE_METHOD_MATCH = YES;
				"CODE_SIGN_IDENTITY[sdk=iphoneos*]" = "iPhone Developer";
				COPY_PHASE_STRIP = NO;
				DEBUG_INFORMATION_FORMAT = "dwarf-with-dsym";
				ENABLE_NS_ASSERTIONS = NO;
				ENABLE_STRICT_OBJC_MSGSEND = YES;
				GCC_C_LANGUAGE_STANDARD = gnu99;
				GCC_NO_COMMON_BLOCKS = YES;
				GCC_WARN_64_TO_32_BIT_CONVERSION = YES;
				GCC_WARN_ABOUT_RETURN_TYPE = YES_ERROR;
				GCC_WARN_UNDECLARED_SELECTOR = YES;
				GCC_WARN_UNINITIALIZED_AUTOS = YES_AGGRESSIVE;
				GCC_WARN_UNUSED_FUNCTION = YES;
				GCC_WARN_UNUSED_VARIABLE = YES;
				IPHONEOS_DEPLOYMENT_TARGET = 8.4;
				MTL_ENABLE_DEBUG_INFO = NO;
				SDKROOT = iphoneos;
				VALIDATE_PRODUCT = YES;
			};
			name = Release;
		};
		69F58E251B5FBBF400DE183A /* Debug */ = {
			isa = XCBuildConfiguration;
			buildSettings = {
				ASSETCATALOG_COMPILER_APPICON_NAME = AppIcon;
				INFOPLIST_FILE = STD0020/Info.plist;
				LD_RUNPATH_SEARCH_PATHS = "$(inherited) @executable_path/Frameworks";
				PRODUCT_NAME = "$(TARGET_NAME)";
			};
			name = Debug;
		};
		69F58E261B5FBBF400DE183A /* Release */ = {
			isa = XCBuildConfiguration;
			buildSettings = {
				ASSETCATALOG_COMPILER_APPICON_NAME = AppIcon;
				INFOPLIST_FILE = STD0020/Info.plist;
				LD_RUNPATH_SEARCH_PATHS = "$(inherited) @executable_path/Frameworks";
				PRODUCT_NAME = "$(TARGET_NAME)";
			};
			name = Release;
		};
		69F58E281B5FBBF400DE183A /* Debug */ = {
			isa = XCBuildConfiguration;
			buildSettings = {
				BUNDLE_LOADER = "$(TEST_HOST)";
				FRAMEWORK_SEARCH_PATHS = (
					"$(SDKROOT)/Developer/Library/Frameworks",
					"$(inherited)",
				);
				GCC_PREPROCESSOR_DEFINITIONS = (
					"DEBUG=1",
					"$(inherited)",
				);
				INFOPLIST_FILE = STD0020Tests/Info.plist;
				LD_RUNPATH_SEARCH_PATHS = "$(inherited) @executable_path/Frameworks @loader_path/Frameworks";
				PRODUCT_NAME = "$(TARGET_NAME)";
				TEST_HOST = "$(BUILT_PRODUCTS_DIR)/STD0020.app/STD0020";
			};
			name = Debug;
		};
		69F58E291B5FBBF400DE183A /* Release */ = {
			isa = XCBuildConfiguration;
			buildSettings = {
				BUNDLE_LOADER = "$(TEST_HOST)";
				FRAMEWORK_SEARCH_PATHS = (
					"$(SDKROOT)/Developer/Library/Frameworks",
					"$(inherited)",
				);
				INFOPLIST_FILE = STD0020Tests/Info.plist;
				LD_RUNPATH_SEARCH_PATHS = "$(inherited) @executable_path/Frameworks @loader_path/Frameworks";
				PRODUCT_NAME = "$(TARGET_NAME)";
				TEST_HOST = "$(BUILT_PRODUCTS_DIR)/STD0020.app/STD0020";
			};
			name = Release;
		};
/* End XCBuildConfiguration section */

/* Begin XCConfigurationList section */
		69F58DFE1B5FBBF400DE183A /* Build configuration list for PBXProject "STD0020" */ = {
			isa = XCConfigurationList;
			buildConfigurations = (
				69F58E221B5FBBF400DE183A /* Debug */,
				69F58E231B5FBBF400DE183A /* Release */,
			);
			defaultConfigurationIsVisible = 0;
			defaultConfigurationName = Release;
		};
		69F58E241B5FBBF400DE183A /* Build configuration list for PBXNativeTarget "STD0020" */ = {
			isa = XCConfigurationList;
			buildConfigurations = (
				69F58E251B5FBBF400DE183A /* Debug */,
				69F58E261B5FBBF400DE183A /* Release */,
			);
			defaultConfigurationIsVisible = 0;
		};
		69F58E271B5FBBF400DE183A /* Build configuration list for PBXNativeTarget "STD0020Tests" */ = {
			isa = XCConfigurationList;
			buildConfigurations = (
				69F58E281B5FBBF400DE183A /* Debug */,
				69F58E291B5FBBF400DE183A /* Release */,
			);
			defaultConfigurationIsVisible = 0;
		};
/* End XCConfigurationList section */
	};
	rootObject = 69F58DFB1B5FBBF400DE183A /* Project object */;
}
